
Microsoft Visual Studio Solution File, Format Version 12.00
# Visual Studio Version 16
VisualStudioVersion = 16.0.30717.126
MinimumVisualStudioVersion = 10.0.40219.1
Project("{FAE04EC0-301F-11D3-BF4B-00C04F79EFBC}") = "ErgoCalc", "ErgoCalc\ErgoCalc.csproj", "{C5B4639E-3CAD-477A-8EC1-E182930CE89A}"
	ProjectSection(ProjectDependencies) = postProject
		{C9E7272F-FAFF-4D67-A6AC-38718D2C4CB6} = {C9E7272F-FAFF-4D67-A6AC-38718D2C4CB6}
		{624C783A-147A-451B-802D-C8CA97539EF5} = {624C783A-147A-451B-802D-C8CA97539EF5}
		{C26CE764-8645-468F-92F1-E1318221BED8} = {C26CE764-8645-468F-92F1-E1318221BED8}
		{2E9762A4-39A6-4328-9A41-B14D678EC36F} = {2E9762A4-39A6-4328-9A41-B14D678EC36F}
	EndProjectSection
EndProject
Project("{8BC9CEB8-8B4A-11D0-8D11-00A0C91BC942}") = "Dll-Niosh", "Dll-Niosh\Dll-Niosh.vcxproj", "{2E9762A4-39A6-4328-9A41-B14D678EC36F}"
EndProject
Project("{8BC9CEB8-8B4A-11D0-8D11-00A0C91BC942}") = "Dll-CLM", "Dll-CLM\Dll-CLM.vcxproj", "{C26CE764-8645-468F-92F1-E1318221BED8}"
EndProject
Project("{8BC9CEB8-8B4A-11D0-8D11-00A0C91BC942}") = "Dll-WRmodel", "Dll-WRmodel\Dll-WRmodel.vcxproj", "{C9E7272F-FAFF-4D67-A6AC-38718D2C4CB6}"
EndProject
Project("{8BC9CEB8-8B4A-11D0-8D11-00A0C91BC942}") = "Dll-Strain", "Dll-Strain\Dll-Strain.vcxproj", "{624C783A-147A-451B-802D-C8CA97539EF5}"
EndProject
Project("{FAE04EC0-301F-11D3-BF4B-00C04F79EFBC}") = "EjemploTool", "EjemploTool\EjemploTool.csproj", "{82121D04-64FB-405A-9EE3-405260BA8882}"
EndProject
Global
	GlobalSection(SolutionConfigurationPlatforms) = preSolution
		Debug|Any CPU = Debug|Any CPU
		Debug|x64 = Debug|x64
		Debug|x86 = Debug|x86
		Release|Any CPU = Release|Any CPU
		Release|x64 = Release|x64
		Release|x86 = Release|x86
	EndGlobalSection
	GlobalSection(ProjectConfigurationPlatforms) = postSolution
		{C5B4639E-3CAD-477A-8EC1-E182930CE89A}.Debug|Any CPU.ActiveCfg = Debug|Any CPU
		{C5B4639E-3CAD-477A-8EC1-E182930CE89A}.Debug|Any CPU.Build.0 = Debug|Any CPU
		{C5B4639E-3CAD-477A-8EC1-E182930CE89A}.Debug|x64.ActiveCfg = Debug|x64
		{C5B4639E-3CAD-477A-8EC1-E182930CE89A}.Debug|x64.Build.0 = Debug|x64
		{C5B4639E-3CAD-477A-8EC1-E182930CE89A}.Debug|x86.ActiveCfg = Debug|Any CPU
		{C5B4639E-3CAD-477A-8EC1-E182930CE89A}.Debug|x86.Build.0 = Debug|Any CPU
		{C5B4639E-3CAD-477A-8EC1-E182930CE89A}.Release|Any CPU.ActiveCfg = Release|Any CPU
		{C5B4639E-3CAD-477A-8EC1-E182930CE89A}.Release|Any CPU.Build.0 = Release|Any CPU
		{C5B4639E-3CAD-477A-8EC1-E182930CE89A}.Release|x64.ActiveCfg = Release|x64
		{C5B4639E-3CAD-477A-8EC1-E182930CE89A}.Release|x64.Build.0 = Release|x64
		{C5B4639E-3CAD-477A-8EC1-E182930CE89A}.Release|x86.ActiveCfg = Release|Any CPU
		{C5B4639E-3CAD-477A-8EC1-E182930CE89A}.Release|x86.Build.0 = Release|Any CPU
		{2E9762A4-39A6-4328-9A41-B14D678EC36F}.Debug|Any CPU.ActiveCfg = Release|Win32
		{2E9762A4-39A6-4328-9A41-B14D678EC36F}.Debug|x64.ActiveCfg = Release|x64
		{2E9762A4-39A6-4328-9A41-B14D678EC36F}.Debug|x86.ActiveCfg = Release|Win32
		{2E9762A4-39A6-4328-9A41-B14D678EC36F}.Debug|x86.Build.0 = Release|Win32
		{2E9762A4-39A6-4328-9A41-B14D678EC36F}.Release|Any CPU.ActiveCfg = Release|Win32
		{2E9762A4-39A6-4328-9A41-B14D678EC36F}.Release|Any CPU.Build.0 = Release|Win32
		{2E9762A4-39A6-4328-9A41-B14D678EC36F}.Release|x64.ActiveCfg = Release|x64
		{2E9762A4-39A6-4328-9A41-B14D678EC36F}.Release|x64.Build.0 = Release|x64
		{2E9762A4-39A6-4328-9A41-B14D678EC36F}.Release|x86.ActiveCfg = Release|Win32
		{2E9762A4-39A6-4328-9A41-B14D678EC36F}.Release|x86.Build.0 = Release|Win32
		{C26CE764-8645-468F-92F1-E1318221BED8}.Debug|Any CPU.ActiveCfg = Release|Win32
		{C26CE764-8645-468F-92F1-E1318221BED8}.Debug|x64.ActiveCfg = Release|x64
		{C26CE764-8645-468F-92F1-E1318221BED8}.Debug|x86.ActiveCfg = Release|Win32
		{C26CE764-8645-468F-92F1-E1318221BED8}.Debug|x86.Build.0 = Release|Win32
		{C26CE764-8645-468F-92F1-E1318221BED8}.Release|Any CPU.ActiveCfg = Release|Win32
		{C26CE764-8645-468F-92F1-E1318221BED8}.Release|Any CPU.Build.0 = Release|Win32
		{C26CE764-8645-468F-92F1-E1318221BED8}.Release|x64.ActiveCfg = Release|x64
		{C26CE764-8645-468F-92F1-E1318221BED8}.Release|x64.Build.0 = Release|x64
		{C26CE764-8645-468F-92F1-E1318221BED8}.Release|x86.ActiveCfg = Release|Win32
		{C26CE764-8645-468F-92F1-E1318221BED8}.Release|x86.Build.0 = Release|Win32
		{C9E7272F-FAFF-4D67-A6AC-38718D2C4CB6}.Debug|Any CPU.ActiveCfg = Release|Win32
		{C9E7272F-FAFF-4D67-A6AC-38718D2C4CB6}.Debug|x64.ActiveCfg = Release|x64
		{C9E7272F-FAFF-4D67-A6AC-38718D2C4CB6}.Debug|x86.ActiveCfg = Release|Win32
		{C9E7272F-FAFF-4D67-A6AC-38718D2C4CB6}.Debug|x86.Build.0 = Release|Win32
		{C9E7272F-FAFF-4D67-A6AC-38718D2C4CB6}.Release|Any CPU.ActiveCfg = Release|Win32
		{C9E7272F-FAFF-4D67-A6AC-38718D2C4CB6}.Release|Any CPU.Build.0 = Release|Win32
		{C9E7272F-FAFF-4D67-A6AC-38718D2C4CB6}.Release|x64.ActiveCfg = Release|x64
		{C9E7272F-FAFF-4D67-A6AC-38718D2C4CB6}.Release|x64.Build.0 = Release|x64
		{C9E7272F-FAFF-4D67-A6AC-38718D2C4CB6}.Release|x86.ActiveCfg = Release|Win32
		{C9E7272F-FAFF-4D67-A6AC-38718D2C4CB6}.Release|x86.Build.0 = Release|Win32
		{624C783A-147A-451B-802D-C8CA97539EF5}.Debug|Any CPU.ActiveCfg = Release|Win32
		{624C783A-147A-451B-802D-C8CA97539EF5}.Debug|x64.ActiveCfg = Release|x64
		{624C783A-147A-451B-802D-C8CA97539EF5}.Debug|x86.ActiveCfg = Release|Win32
		{624C783A-147A-451B-802D-C8CA97539EF5}.Debug|x86.Build.0 = Release|Win32
		{624C783A-147A-451B-802D-C8CA97539EF5}.Release|Any CPU.ActiveCfg = Release|Win32
		{624C783A-147A-451B-802D-C8CA97539EF5}.Release|Any CPU.Build.0 = Release|Win32
		{624C783A-147A-451B-802D-C8CA97539EF5}.Release|x64.ActiveCfg = Release|x64
		{624C783A-147A-451B-802D-C8CA97539EF5}.Release|x64.Build.0 = Release|x64
		{624C783A-147A-451B-802D-C8CA97539EF5}.Release|x86.ActiveCfg = Release|Win32
		{624C783A-147A-451B-802D-C8CA97539EF5}.Release|x86.Build.0 = Release|Win32
		{82121D04-64FB-405A-9EE3-405260BA8882}.Debug|Any CPU.ActiveCfg = Debug|Any CPU
		{82121D04-64FB-405A-9EE3-405260BA8882}.Debug|Any CPU.Build.0 = Debug|Any CPU
		{82121D04-64FB-405A-9EE3-405260BA8882}.Debug|x64.ActiveCfg = Debug|Any CPU
		{82121D04-64FB-405A-9EE3-405260BA8882}.Debug|x64.Build.0 = Debug|Any CPU
		{82121D04-64FB-405A-9EE3-405260BA8882}.Debug|x86.ActiveCfg = Debug|Any CPU
		{82121D04-64FB-405A-9EE3-405260BA8882}.Debug|x86.Build.0 = Debug|Any CPU
		{82121D04-64FB-405A-9EE3-405260BA8882}.Release|Any CPU.ActiveCfg = Release|Any CPU
		{82121D04-64FB-405A-9EE3-405260BA8882}.Release|Any CPU.Build.0 = Release|Any CPU
		{82121D04-64FB-405A-9EE3-405260BA8882}.Release|x64.ActiveCfg = Release|Any CPU
		{82121D04-64FB-405A-9EE3-405260BA8882}.Release|x64.Build.0 = Release|Any CPU
		{82121D04-64FB-405A-9EE3-405260BA8882}.Release|x86.ActiveCfg = Release|Any CPU
		{82121D04-64FB-405A-9EE3-405260BA8882}.Release|x86.Build.0 = Release|Any CPU
	EndGlobalSection
	GlobalSection(SolutionProperties) = preSolution
		HideSolutionNode = FALSE
	EndGlobalSection
	GlobalSection(ExtensibilityGlobals) = postSolution
		SolutionGuid = {2448A7AB-ACB2-4DE8-8854-2F7AE13452FC}
	EndGlobalSection
EndGlobal
